// !$*UTF8*$!
{
	archiveVersion = 1;
	classes = {
	};
	objectVersion = 77;
	objects = {

/* Begin PBXBuildFile section */
		32FD13D42F333A34001D859C /* AppDelegate.swift in Sources */ = {isa = PBXBuildFile; fileRef = 32FD13D32F333A34001D859C /* AppDelegate.swift */; };
		32FD13D62F333A34001D859C /* SceneDelegate.swift in Sources */ = {isa = PBXBuildFile; fileRef = 32FD13D52F333A34001D859C /* SceneDelegate.swift */; };
		32FD13D92F333A34001D859C /* LaunchScreen.storyboard in Resources */ = {isa = PBXBuildFile; fileRef = 32FD13D72F333A34001D859C /* LaunchScreen.storyboard */; };
		32FD13DC2F333A34001D859C /* Main.storyboard in Resources */ = {isa = PBXBuildFile; fileRef = 32FD13DA2F333A34001D859C /* Main.storyboard */; };
		32FD13E52F333A34001D859C /* AppDelegate.swift in Sources */ = {isa = PBXBuildFile; fileRef = 32FD13E42F333A34001D859C /* AppDelegate.swift */; };
		32FD13E82F333A34001D859C /* Main.storyboard in Resources */ = {isa = PBXBuildFile; fileRef = 32FD13E62F333A34001D859C /* Main.storyboard */; };
		32FD13EF2F333A34001D859C /* ai blocker Extension.appex in Embed Foundation Extensions */ = {isa = PBXBuildFile; fileRef = 32FD13EE2F333A34001D859C /* ai blocker Extension.appex */; settings = {ATTRIBUTES = (RemoveHeadersOnCopy, ); }; };
		32FD13F92F333A34001D859C /* ai blocker Extension.appex in Embed Foundation Extensions */ = {isa = PBXBuildFile; fileRef = 32FD13F82F333A34001D859C /* ai blocker Extension.appex */; settings = {ATTRIBUTES = (RemoveHeadersOnCopy, ); }; };
		32FD13FE2F333A34001D859C /* Main.html in Resources */ = {isa = PBXBuildFile; fileRef = 32FD13C32F333A33001D859C /* Main.html */; };
		32FD13FF2F333A34001D859C /* Main.html in Resources */ = {isa = PBXBuildFile; fileRef = 32FD13C32F333A33001D859C /* Main.html */; };
		32FD14002F333A34001D859C /* Icon.png in Resources */ = {isa = PBXBuildFile; fileRef = 32FD13C52F333A33001D859C /* Icon.png */; };
		32FD14012F333A34001D859C /* Icon.png in Resources */ = {isa = PBXBuildFile; fileRef = 32FD13C52F333A33001D859C /* Icon.png */; };
		32FD14022F333A34001D859C /* Style.css in Resources */ = {isa = PBXBuildFile; fileRef = 32FD13C62F333A33001D859C /* Style.css */; };
		32FD14032F333A34001D859C /* Style.css in Resources */ = {isa = PBXBuildFile; fileRef = 32FD13C62F333A33001D859C /* Style.css */; };
		32FD14042F333A34001D859C /* Script.js in Resources */ = {isa = PBXBuildFile; fileRef = 32FD13C72F333A33001D859C /* Script.js */; };
		32FD14052F333A34001D859C /* Script.js in Resources */ = {isa = PBXBuildFile; fileRef = 32FD13C72F333A33001D859C /* Script.js */; };
		32FD14062F333A34001D859C /* ViewController.swift in Sources */ = {isa = PBXBuildFile; fileRef = 32FD13C82F333A33001D859C /* ViewController.swift */; };
		32FD14072F333A34001D859C /* ViewController.swift in Sources */ = {isa = PBXBuildFile; fileRef = 32FD13C82F333A33001D859C /* ViewController.swift */; };
		32FD14082F333A34001D859C /* Assets.xcassets in Resources */ = {isa = PBXBuildFile; fileRef = 32FD13C92F333A34001D859C /* Assets.xcassets */; };
		32FD14092F333A34001D859C /* Assets.xcassets in Resources */ = {isa = PBXBuildFile; fileRef = 32FD13C92F333A34001D859C /* Assets.xcassets */; };
		32FD140A2F333A34001D859C /* SafariWebExtensionHandler.swift in Sources */ = {isa = PBXBuildFile; fileRef = 32FD13CB2F333A34001D859C /* SafariWebExtensionHandler.swift */; };
		32FD140B2F333A34001D859C /* SafariWebExtensionHandler.swift in Sources */ = {isa = PBXBuildFile; fileRef = 32FD13CB2F333A34001D859C /* SafariWebExtensionHandler.swift */; };
		32FD14252F333A35001D859C /* popup.js in Resources */ = {isa = PBXBuildFile; fileRef = 32FD141D2F333A35001D859C /* popup.js */; };
		32FD14262F333A35001D859C /* background.js in Resources */ = {isa = PBXBuildFile; fileRef = 32FD141E2F333A35001D859C /* background.js */; };
		32FD14272F333A35001D859C /* popup.html in Resources */ = {isa = PBXBuildFile; fileRef = 32FD141F2F333A35001D859C /* popup.html */; };
		32FD14282F333A35001D859C /* blocked-words.txt in Resources */ = {isa = PBXBuildFile; fileRef = 32FD14202F333A35001D859C /* blocked-words.txt */; };
		32FD14292F333A35001D859C /* icons in Resources */ = {isa = PBXBuildFile; fileRef = 32FD14212F333A35001D859C /* icons */; };
		32FD142A2F333A35001D859C /* manifest.json in Resources */ = {isa = PBXBuildFile; fileRef = 32FD14222F333A35001D859C /* manifest.json */; };
		32FD142B2F333A35001D859C /* _locales in Resources */ = {isa = PBXBuildFile; fileRef = 32FD14232F333A35001D859C /* _locales */; };
		32FD142C2F333A35001D859C /* content.js in Resources */ = {isa = PBXBuildFile; fileRef = 32FD14242F333A35001D859C /* content.js */; };
		32FD142D2F333A35001D859C /* popup.js in Resources */ = {isa = PBXBuildFile; fileRef = 32FD141D2F333A35001D859C /* popup.js */; };
		32FD142E2F333A35001D859C /* background.js in Resources */ = {isa = PBXBuildFile; fileRef = 32FD141E2F333A35001D859C /* background.js */; };
		32FD142F2F333A35001D859C /* popup.html in Resources */ = {isa = PBXBuildFile; fileRef = 32FD141F2F333A35001D859C /* popup.html */; };
		32FD14302F333A35001D859C /* blocked-words.txt in Resources */ = {isa = PBXBuildFile; fileRef = 32FD14202F333A35001D859C /* blocked-words.txt */; };
		32FD14312F333A35001D859C /* icons in Resources */ = {isa = PBXBuildFile; fileRef = 32FD14212F333A35001D859C /* icons */; };
		32FD14322F333A35001D859C /* manifest.json in Resources */ = {isa = PBXBuildFile; fileRef = 32FD14222F333A35001D859C /* manifest.json */; };
		32FD14332F333A35001D859C /* _locales in Resources */ = {isa = PBXBuildFile; fileRef = 32FD14232F333A35001D859C /* _locales */; };
		32FD14342F333A35001D859C /* content.js in Resources */ = {isa = PBXBuildFile; fileRef = 32FD14242F333A35001D859C /* content.js */; };
/* End PBXBuildFile section */

/* Begin PBXContainerItemProxy section */
		32FD13F02F333A34001D859C /* PBXContainerItemProxy */ = {
			isa = PBXContainerItemProxy;
			containerPortal = 32FD13BD2F333A32001D859C /* Project object */;
			proxyType = 1;
			remoteGlobalIDString = 32FD13ED2F333A34001D859C;
			remoteInfo = "ai blocker Extension (iOS)";
		};
		32FD13FA2F333A34001D859C /* PBXContainerItemProxy */ = {
			isa = PBXContainerItemProxy;
			containerPortal = 32FD13BD2F333A32001D859C /* Project object */;
			proxyType = 1;
			remoteGlobalIDString = 32FD13F72F333A34001D859C;
			remoteInfo = "ai blocker Extension (macOS)";
		};
/* End PBXContainerItemProxy section */

/* Begin PBXCopyFilesBuildPhase section */
		32FD14112F333A34001D859C /* Embed Foundation Extensions */ = {
			isa = PBXCopyFilesBuildPhase;
			buildActionMask = 2147483647;
			dstPath = "";
			dstSubfolderSpec = 13;
			files = (
				32FD13EF2F333A34001D859C /* ai blocker Extension.appex in Embed Foundation Extensions */,
			);
			name = "Embed Foundation Extensions";
			runOnlyForDeploymentPostprocessing = 0;
		};
		32FD14182F333A34001D859C /* Embed Foundation Extensions */ = {
			isa = PBXCopyFilesBuildPhase;
			buildActionMask = 2147483647;
			dstPath = "";
			dstSubfolderSpec = 13;
			files = (
				32FD13F92F333A34001D859C /* ai blocker Extension.appex in Embed Foundation Extensions */,
			);
			name = "Embed Foundation Extensions";
			runOnlyForDeploymentPostprocessing = 0;
		};
/* End PBXCopyFilesBuildPhase section */

/* Begin PBXFileReference section */
		32FD13C42F333A33001D859C /* Base */ = {isa = PBXFileReference; lastKnownFileType = text.html; name = Base; path = Base.lproj/Main.html; sourceTree = "<group>"; };
		32FD13C52F333A33001D859C /* Icon.png */ = {isa = PBXFileReference; lastKnownFileType = image.png; path = Icon.png; sourceTree = "<group>"; };
		32FD13C62F333A33001D859C /* Style.css */ = {isa = PBXFileReference; lastKnownFileType = text.css; path = Style.css; sourceTree = "<group>"; };
		32FD13C72F333A33001D859C /* Script.js */ = {isa = PBXFileReference; lastKnownFileType = sourcecode.javascript; path = Script.js; sourceTree = "<group>"; };
		32FD13C82F333A33001D859C /* ViewController.swift */ = {isa = PBXFileReference; lastKnownFileType = sourcecode.swift; path = ViewController.swift; sourceTree = "<group>"; };
		32FD13C92F333A34001D859C /* Assets.xcassets */ = {isa = PBXFileReference; lastKnownFileType = folder.assetcatalog; path = Assets.xcassets; sourceTree = "<group>"; };
		32FD13CB2F333A34001D859C /* SafariWebExtensionHandler.swift */ = {isa = PBXFileReference; lastKnownFileType = sourcecode.swift; path = SafariWebExtensionHandler.swift; sourceTree = "<group>"; };
		32FD13D02F333A34001D859C /* ai blocker.app */ = {isa = PBXFileReference; explicitFileType = wrapper.application; includeInIndex = 0; path = "ai blocker.app"; sourceTree = BUILT_PRODUCTS_DIR; };
		32FD13D32F333A34001D859C /* AppDelegate.swift */ = {isa = PBXFileReference; lastKnownFileType = sourcecode.swift; path = AppDelegate.swift; sourceTree = "<group>"; };
		32FD13D52F333A34001D859C /* SceneDelegate.swift */ = {isa = PBXFileReference; lastKnownFileType = sourcecode.swift; path = SceneDelegate.swift; sourceTree = "<group>"; };
		32FD13D82F333A34001D859C /* Base */ = {isa = PBXFileReference; lastKnownFileType = file.storyboard; name = Base; path = Base.lproj/LaunchScreen.storyboard; sourceTree = "<group>"; };
		32FD13DB2F333A34001D859C /* Base */ = {isa = PBXFileReference; lastKnownFileType = file.storyboard; name = Base; path = Base.lproj/Main.storyboard; sourceTree = "<group>"; };
		32FD13DD2F333A34001D859C /* Info.plist */ = {isa = PBXFileReference; lastKnownFileType = text.plist.xml; path = Info.plist; sourceTree = "<group>"; };
		32FD13E22F333A34001D859C /* ai blocker.app */ = {isa = PBXFileReference; explicitFileType = wrapper.application; includeInIndex = 0; path = "ai blocker.app"; sourceTree = BUILT_PRODUCTS_DIR; };
		32FD13E42F333A34001D859C /* AppDelegate.swift */ = {isa = PBXFileReference; lastKnownFileType = sourcecode.swift; path = AppDelegate.swift; sourceTree = "<group>"; };
		32FD13E72F333A34001D859C /* Base */ = {isa = PBXFileReference; lastKnownFileType = file.storyboard; name = Base; path = Base.lproj/Main.storyboard; sourceTree = "<group>"; };
		32FD13E92F333A34001D859C /* Info.plist */ = {isa = PBXFileReference; lastKnownFileType = text.plist.xml; path = Info.plist; sourceTree = "<group>"; };
		32FD13EE2F333A34001D859C /* ai blocker Extension.appex */ = {isa = PBXFileReference; explicitFileType = "wrapper.app-extension"; includeInIndex = 0; path = "ai blocker Extension.appex"; sourceTree = BUILT_PRODUCTS_DIR; };
		32FD13F32F333A34001D859C /* Info.plist */ = {isa = PBXFileReference; lastKnownFileType = text.plist.xml; path = Info.plist; sourceTree = "<group>"; };
		32FD13F82F333A34001D859C /* ai blocker Extension.appex */ = {isa = PBXFileReference; explicitFileType = "wrapper.app-extension"; includeInIndex = 0; path = "ai blocker Extension.appex"; sourceTree = BUILT_PRODUCTS_DIR; };
		32FD13FD2F333A34001D859C /* Info.plist */ = {isa = PBXFileReference; lastKnownFileType = text.plist.xml; path = Info.plist; sourceTree = "<group>"; };
		32FD141D2F333A35001D859C /* popup.js */ = {isa = PBXFileReference; lastKnownFileType = sourcecode.javascript; name = popup.js; path = Resources/popup.js; sourceTree = "<group>"; };
		32FD141E2F333A35001D859C /* background.js */ = {isa = PBXFileReference; lastKnownFileType = sourcecode.javascript; name = background.js; path = Resources/background.js; sourceTree = "<group>"; };
		32FD141F2F333A35001D859C /* popup.html */ = {isa = PBXFileReference; lastKnownFileType = text.html; name = popup.html; path = Resources/popup.html; sourceTree = "<group>"; };
		32FD14202F333A35001D859C /* blocked-words.txt */ = {isa = PBXFileReference; lastKnownFileType = text; name = "blocked-words.txt"; path = "Resources/blocked-words.txt"; sourceTree = "<group>"; };
		32FD14212F333A35001D859C /* icons */ = {isa = PBXFileReference; lastKnownFileType = folder; name = icons; path = Resources/icons; sourceTree = "<group>"; };
		32FD14222F333A35001D859C /* manifest.json */ = {isa = PBXFileReference; lastKnownFileType = text.json; name = manifest.json; path = Resources/manifest.json; sourceTree = "<group>"; };
		32FD14232F333A35001D859C /* _locales */ = {isa = PBXFileReference; lastKnownFileType = folder; name = _locales; path = Resources/_locales; sourceTree = "<group>"; };
		32FD14242F333A35001D859C /* content.js */ = {isa = PBXFileReference; lastKnownFileType = sourcecode.javascript; name = content.js; path = Resources/content.js; sourceTree = "<group>"; };
/* End PBXFileReference section */

/* Begin PBXFrameworksBuildPhase section */
		32FD13CD2F333A34001D859C /* Frameworks */ = {
			isa = PBXFrameworksBuildPhase;
			buildActionMask = 2147483647;
			files = (
			);
			runOnlyForDeploymentPostprocessing = 0;
		};
		32FD13DF2F333A34001D859C /* Frameworks */ = {
			isa = PBXFrameworksBuildPhase;
			buildActionMask = 2147483647;
			files = (
			);
			runOnlyForDeploymentPostprocessing = 0;
		};
		32FD13EB2F333A34001D859C /* Frameworks */ = {
			isa = PBXFrameworksBuildPhase;
			buildActionMask = 2147483647;
			files = (
			);
			runOnlyForDeploymentPostprocessing = 0;
		};
		32FD13F52F333A34001D859C /* Frameworks */ = {
			isa = PBXFrameworksBuildPhase;
			buildActionMask = 2147483647;
			files = (
			);
			runOnlyForDeploymentPostprocessing = 0;
		};
/* End PBXFrameworksBuildPhase section */

/* Begin PBXGroup section */
		32FD13BC2F333A32001D859C = {
			isa = PBXGroup;
			children = (
				32FD13C12F333A33001D859C /* Shared (App) */,
				32FD13CA2F333A34001D859C /* Shared (Extension) */,
				32FD13D22F333A34001D859C /* iOS (App) */,
				32FD13E32F333A34001D859C /* macOS (App) */,
				32FD13F22F333A34001D859C /* iOS (Extension) */,
				32FD13FC2F333A34001D859C /* macOS (Extension) */,
				32FD13D12F333A34001D859C /* Products */,
			);
			sourceTree = "<group>";
		};
		32FD13C12F333A33001D859C /* Shared (App) */ = {
			isa = PBXGroup;
			children = (
				32FD13C82F333A33001D859C /* ViewController.swift */,
				32FD13C92F333A34001D859C /* Assets.xcassets */,
				32FD13C22F333A33001D859C /* Resources */,
			);
			path = "Shared (App)";
			sourceTree = "<group>";
		};
		32FD13C22F333A33001D859C /* Resources */ = {
			isa = PBXGroup;
			children = (
				32FD13C32F333A33001D859C /* Main.html */,
				32FD13C52F333A33001D859C /* Icon.png */,
				32FD13C62F333A33001D859C /* Style.css */,
				32FD13C72F333A33001D859C /* Script.js */,
			);
			path = Resources;
			sourceTree = "<group>";
		};
		32FD13CA2F333A34001D859C /* Shared (Extension) */ = {
			isa = PBXGroup;
			children = (
				32FD141C2F333A35001D859C /* Resources */,
				32FD13CB2F333A34001D859C /* SafariWebExtensionHandler.swift */,
			);
			path = "Shared (Extension)";
			sourceTree = "<group>";
		};
		32FD13D12F333A34001D859C /* Products */ = {
			isa = PBXGroup;
			children = (
				32FD13D02F333A34001D859C /* ai blocker.app */,
				32FD13E22F333A34001D859C /* ai blocker.app */,
				32FD13EE2F333A34001D859C /* ai blocker Extension.appex */,
				32FD13F82F333A34001D859C /* ai blocker Extension.appex */,
			);
			name = Products;
			sourceTree = "<group>";
		};
		32FD13D22F333A34001D859C /* iOS (App) */ = {
			isa = PBXGroup;
			children = (
				32FD13D32F333A34001D859C /* AppDelegate.swift */,
				32FD13D52F333A34001D859C /* SceneDelegate.swift */,
				32FD13D72F333A34001D859C /* LaunchScreen.storyboard */,
				32FD13DA2F333A34001D859C /* Main.storyboard */,
				32FD13DD2F333A34001D859C /* Info.plist */,
			);
			path = "iOS (App)";
			sourceTree = "<group>";
		};
		32FD13E32F333A34001D859C /* macOS (App) */ = {
			isa = PBXGroup;
			children = (
				32FD13E42F333A34001D859C /* AppDelegate.swift */,
				32FD13E62F333A34001D859C /* Main.storyboard */,
				32FD13E92F333A34001D859C /* Info.plist */,
			);
			path = "macOS (App)";
			sourceTree = "<group>";
		};
		32FD13F22F333A34001D859C /* iOS (Extension) */ = {
			isa = PBXGroup;
			children = (
				32FD13F32F333A34001D859C /* Info.plist */,
			);
			path = "iOS (Extension)";
			sourceTree = "<group>";
		};
		32FD13FC2F333A34001D859C /* macOS (Extension) */ = {
			isa = PBXGroup;
			children = (
				32FD13FD2F333A34001D859C /* Info.plist */,
			);
			path = "macOS (Extension)";
			sourceTree = "<group>";
		};
		32FD141C2F333A35001D859C /* Resources */ = {
			isa = PBXGroup;
			children = (
				32FD141D2F333A35001D859C /* popup.js */,
				32FD141E2F333A35001D859C /* background.js */,
				32FD141F2F333A35001D859C /* popup.html */,
				32FD14202F333A35001D859C /* blocked-words.txt */,
				32FD14212F333A35001D859C /* icons */,
				32FD14222F333A35001D859C /* manifest.json */,
				32FD14232F333A35001D859C /* _locales */,
				32FD14242F333A35001D859C /* content.js */,
			);
			name = Resources;
			path = "Shared (Extension)";
			sourceTree = SOURCE_ROOT;
		};
/* End PBXGroup section */

/* Begin PBXNativeTarget section */
		32FD13CF2F333A34001D859C /* ai blocker (iOS) */ = {
			isa = PBXNativeTarget;
			buildConfigurationList = 32FD14122F333A34001D859C /* Build configuration list for PBXNativeTarget "ai blocker (iOS)" */;
			buildPhases = (
				32FD13CC2F333A34001D859C /* Sources */,
				32FD13CD2F333A34001D859C /* Frameworks */,
				32FD13CE2F333A34001D859C /* Resources */,
				32FD14112F333A34001D859C /* Embed Foundation Extensions */,
			);
			buildRules = (
			);
			dependencies = (
				32FD13F12F333A34001D859C /* PBXTargetDependency */,
			);
			name = "ai blocker (iOS)";
			packageProductDependencies = (
			);
			productName = "ai blocker (iOS)";
			productReference = 32FD13D02F333A34001D859C /* ai blocker.app */;
			productType = "com.apple.product-type.application";
		};
		32FD13E12F333A34001D859C /* ai blocker (macOS) */ = {
			isa = PBXNativeTarget;
			buildConfigurationList = 32FD14192F333A34001D859C /* Build configuration list for PBXNativeTarget "ai blocker (macOS)" */;
			buildPhases = (
				32FD13DE2F333A34001D859C /* Sources */,
				32FD13DF2F333A34001D859C /* Frameworks */,
				32FD13E02F333A34001D859C /* Resources */,
				32FD14182F333A34001D859C /* Embed Foundation Extensions */,
			);
			buildRules = (
			);
			dependencies = (
				32FD13FB2F333A34001D859C /* PBXTargetDependency */,
			);
			name = "ai blocker (macOS)";
			packageProductDependencies = (
			);
			productName = "ai blocker (macOS)";
			productReference = 32FD13E22F333A34001D859C /* ai blocker.app */;
			productType = "com.apple.product-type.application";
		};
		32FD13ED2F333A34001D859C /* ai blocker Extension (iOS) */ = {
			isa = PBXNativeTarget;
			buildConfigurationList = 32FD140E2F333A34001D859C /* Build configuration list for PBXNativeTarget "ai blocker Extension (iOS)" */;
			buildPhases = (
				32FD13EA2F333A34001D859C /* Sources */,
				32FD13EB2F333A34001D859C /* Frameworks */,
				32FD13EC2F333A34001D859C /* Resources */,
			);
			buildRules = (
			);
			dependencies = (
			);
			name = "ai blocker Extension (iOS)";
			packageProductDependencies = (
			);
			productName = "ai blocker Extension (iOS)";
			productReference = 32FD13EE2F333A34001D859C /* ai blocker Extension.appex */;
			productType = "com.apple.product-type.app-extension";
		};
		32FD13F72F333A34001D859C /* ai blocker Extension (macOS) */ = {
			isa = PBXNativeTarget;
			buildConfigurationList = 32FD14152F333A34001D859C /* Build configuration list for PBXNativeTarget "ai blocker Extension (macOS)" */;
			buildPhases = (
				32FD13F42F333A34001D859C /* Sources */,
				32FD13F52F333A34001D859C /* Frameworks */,
				32FD13F62F333A34001D859C /* Resources */,
			);
			buildRules = (
			);
			dependencies = (
			);
			name = "ai blocker Extension (macOS)";
			packageProductDependencies = (
			);
			productName = "ai blocker Extension (macOS)";
			productReference = 32FD13F82F333A34001D859C /* ai blocker Extension.appex */;
			productType = "com.apple.product-type.app-extension";
		};
/* End PBXNativeTarget section */

/* Begin PBXProject section */
		32FD13BD2F333A32001D859C /* Project object */ = {
			isa = PBXProject;
			attributes = {
				BuildIndependentTargetsInParallel = 1;
				LastSwiftUpdateCheck = 2600;
				LastUpgradeCheck = 2600;
				TargetAttributes = {
					32FD13CF2F333A34001D859C = {
						CreatedOnToolsVersion = 26.0.1;
					};
					32FD13E12F333A34001D859C = {
						CreatedOnToolsVersion = 26.0.1;
					};
					32FD13ED2F333A34001D859C = {
						CreatedOnToolsVersion = 26.0.1;
					};
					32FD13F72F333A34001D859C = {
						CreatedOnToolsVersion = 26.0.1;
					};
				};
			};
			buildConfigurationList = 32FD13C02F333A32001D859C /* Build configuration list for PBXProject "ai blocker" */;
			developmentRegion = en;
			hasScannedForEncodings = 0;
			knownRegions = (
				en,
				Base,
			);
			mainGroup = 32FD13BC2F333A32001D859C;
			minimizedProjectReferenceProxies = 1;
			preferredProjectObjectVersion = 77;
			productRefGroup = 32FD13D12F333A34001D859C /* Products */;
			projectDirPath = "";
			projectRoot = "";
			targets = (
				32FD13CF2F333A34001D859C /* ai blocker (iOS) */,
				32FD13E12F333A34001D859C /* ai blocker (macOS) */,
				32FD13ED2F333A34001D859C /* ai blocker Extension (iOS) */,
				32FD13F72F333A34001D859C /* ai blocker Extension (macOS) */,
			);
		};
/* End PBXProject section */

/* Begin PBXResourcesBuildPhase section */
		32FD13CE2F333A34001D859C /* Resources */ = {
			isa = PBXResourcesBuildPhase;
			buildActionMask = 2147483647;
			files = (
				32FD14002F333A34001D859C /* Icon.png in Resources */,
				32FD13D92F333A34001D859C /* LaunchScreen.storyboard in Resources */,
				32FD13FE2F333A34001D859C /* Main.html in Resources */,
				32FD14042F333A34001D859C /* Script.js in Resources */,
				32FD14082F333A34001D859C /* Assets.xcassets in Resources */,
				32FD13DC2F333A34001D859C /* Main.storyboard in Resources */,
				32FD14022F333A34001D859C /* Style.css in Resources */,
			);
			runOnlyForDeploymentPostprocessing = 0;
		};
		32FD13E02F333A34001D859C /* Resources */ = {
			isa = PBXResourcesBuildPhase;
			buildActionMask = 2147483647;
			files = (
				32FD14012F333A34001D859C /* Icon.png in Resources */,
				32FD14032F333A34001D859C /* Style.css in Resources */,
				32FD13E82F333A34001D859C /* Main.storyboard in Resources */,
				32FD14052F333A34001D859C /* Script.js in Resources */,
				32FD14092F333A34001D859C /* Assets.xcassets in Resources */,
				32FD13FF2F333A34001D859C /* Main.html in Resources */,
			);
			runOnlyForDeploymentPostprocessing = 0;
		};
		32FD13EC2F333A34001D859C /* Resources */ = {
			isa = PBXResourcesBuildPhase;
			buildActionMask = 2147483647;
			files = (
				32FD14342F333A35001D859C /* content.js in Resources */,
				32FD142E2F333A35001D859C /* background.js in Resources */,
				32FD142F2F333A35001D859C /* popup.html in Resources */,
				32FD142D2F333A35001D859C /* popup.js in Resources */,
				32FD14312F333A35001D859C /* icons in Resources */,
				32FD14322F333A35001D859C /* manifest.json in Resources */,
				32FD14332F333A35001D859C /* _locales in Resources */,
				32FD14302F333A35001D859C /* blocked-words.txt in Resources */,
			);
			runOnlyForDeploymentPostprocessing = 0;
		};
		32FD13F62F333A34001D859C /* Resources */ = {
			isa = PBXResourcesBuildPhase;
			buildActionMask = 2147483647;
			files = (
				32FD142C2F333A35001D859C /* content.js in Resources */,
				32FD14262F333A35001D859C /* background.js in Resources */,
				32FD14272F333A35001D859C /* popup.html in Resources */,
				32FD14252F333A35001D859C /* popup.js in Resources */,
				32FD14292F333A35001D859C /* icons in Resources */,
				32FD142A2F333A35001D859C /* manifest.json in Resources */,
				32FD142B2F333A35001D859C /* _locales in Resources */,
				32FD14282F333A35001D859C /* blocked-words.txt in Resources */,
			);
			runOnlyForDeploymentPostprocessing = 0;
		};
/* End PBXResourcesBuildPhase section */

/* Begin PBXSourcesBuildPhase section */
		32FD13CC2F333A34001D859C /* Sources */ = {
			isa = PBXSourcesBuildPhase;
			buildActionMask = 2147483647;
			files = (
				32FD14062F333A34001D859C /* ViewController.swift in Sources */,
				32FD13D42F333A34001D859C /* AppDelegate.swift in Sources */,
				32FD13D62F333A34001D859C /* SceneDelegate.swift in Sources */,
			);
			runOnlyForDeploymentPostprocessing = 0;
		};
		32FD13DE2F333A34001D859C /* Sources */ = {
			isa = PBXSourcesBuildPhase;
			buildActionMask = 2147483647;
			files = (
				32FD14072F333A34001D859C /* ViewController.swift in Sources */,
				32FD13E52F333A34001D859C /* AppDelegate.swift in Sources */,
			);
			runOnlyForDeploymentPostprocessing = 0;
		};
		32FD13EA2F333A34001D859C /* Sources */ = {
			isa = PBXSourcesBuildPhase;
			buildActionMask = 2147483647;
			files = (
				32FD140A2F333A34001D859C /* SafariWebExtensionHandler.swift in Sources */,
			);
			runOnlyForDeploymentPostprocessing = 0;
		};
		32FD13F42F333A34001D859C /* Sources */ = {
			isa = PBXSourcesBuildPhase;
			buildActionMask = 2147483647;
			files = (
				32FD140B2F333A34001D859C /* SafariWebExtensionHandler.swift in Sources */,
			);
			runOnlyForDeploymentPostprocessing = 0;
		};
/* End PBXSourcesBuildPhase section */

/* Begin PBXTargetDependency section */
		32FD13F12F333A34001D859C /* PBXTargetDependency */ = {
			isa = PBXTargetDependency;
			target = 32FD13ED2F333A34001D859C /* ai blocker Extension (iOS) */;
			targetProxy = 32FD13F02F333A34001D859C /* PBXContainerItemProxy */;
		};
		32FD13FB2F333A34001D859C /* PBXTargetDependency */ = {
			isa = PBXTargetDependency;
			target = 32FD13F72F333A34001D859C /* ai blocker Extension (macOS) */;
			targetProxy = 32FD13FA2F333A34001D859C /* PBXContainerItemProxy */;
		};
/* End PBXTargetDependency section */

/* Begin PBXVariantGroup section */
		32FD13C32F333A33001D859C /* Main.html */ = {
			isa = PBXVariantGroup;
			children = (
				32FD13C42F333A33001D859C /* Base */,
			);
			name = Main.html;
			sourceTree = "<group>";
		};
		32FD13D72F333A34001D859C /* LaunchScreen.storyboard */ = {
			isa = PBXVariantGroup;
			children = (
				32FD13D82F333A34001D859C /* Base */,
			);
			name = LaunchScreen.storyboard;
			sourceTree = "<group>";
		};
		32FD13DA2F333A34001D859C /* Main.storyboard */ = {
			isa = PBXVariantGroup;
			children = (
				32FD13DB2F333A34001D859C /* Base */,
			);
			name = Main.storyboard;
			sourceTree = "<group>";
		};
		32FD13E62F333A34001D859C /* Main.storyboard */ = {
			isa = PBXVariantGroup;
			children = (
				32FD13E72F333A34001D859C /* Base */,
			);
			name = Main.storyboard;
			sourceTree = "<group>";
		};
/* End PBXVariantGroup section */

/* Begin XCBuildConfiguration section */
		32FD140C2F333A34001D859C /* Debug */ = {
			isa = XCBuildConfiguration;
			buildSettings = {
				ALWAYS_SEARCH_USER_PATHS = NO;
				ASSETCATALOG_COMPILER_GENERATE_SWIFT_ASSET_SYMBOL_EXTENSIONS = YES;
				CLANG_ANALYZER_NONNULL = YES;
				CLANG_ANALYZER_NUMBER_OBJECT_CONVERSION = YES_AGGRESSIVE;
				CLANG_CXX_LANGUAGE_STANDARD = "gnu++20";
				CLANG_ENABLE_MODULES = YES;
				CLANG_ENABLE_OBJC_ARC = YES;
				CLANG_ENABLE_OBJC_WEAK = YES;
				CLANG_WARN_BLOCK_CAPTURE_AUTORELEASING = YES;
				CLANG_WARN_BOOL_CONVERSION = YES;
				CLANG_WARN_COMMA = YES;
				CLANG_WARN_CONSTANT_CONVERSION = YES;
				CLANG_WARN_DEPRECATED_OBJC_IMPLEMENTATIONS = YES;
				CLANG_WARN_DIRECT_OBJC_ISA_USAGE = YES_ERROR;
				CLANG_WARN_DOCUMENTATION_COMMENTS = YES;
				CLANG_WARN_EMPTY_BODY = YES;
				CLANG_WARN_ENUM_CONVERSION = YES;
				CLANG_WARN_INFINITE_RECURSION = YES;
				CLANG_WARN_INT_CONVERSION = YES;
				CLANG_WARN_NON_LITERAL_NULL_CONVERSION = YES;
				CLANG_WARN_OBJC_IMPLICIT_RETAIN_SELF = YES;
				CLANG_WARN_OBJC_LITERAL_CONVERSION = YES;
				CLANG_WARN_OBJC_ROOT_CLASS = YES_ERROR;
				CLANG_WARN_QUOTED_INCLUDE_IN_FRAMEWORK_HEADER = YES;
				CLANG_WARN_RANGE_LOOP_ANALYSIS = YES;
				CLANG_WARN_STRICT_PROTOTYPES = YES;
				CLANG_WARN_SUSPICIOUS_MOVE = YES;
				CLANG_WARN_UNGUARDED_AVAILABILITY = YES_AGGRESSIVE;
				CLANG_WARN_UNREACHABLE_CODE = YES;
				CLANG_WARN__DUPLICATE_METHOD_MATCH = YES;
				COPY_PHASE_STRIP = NO;
				DEBUG_INFORMATION_FORMAT = dwarf;
				ENABLE_STRICT_OBJC_MSGSEND = YES;
				ENABLE_TESTABILITY = YES;
				ENABLE_USER_SCRIPT_SANDBOXING = YES;
				GCC_C_LANGUAGE_STANDARD = gnu17;
				GCC_DYNAMIC_NO_PIC = NO;
				GCC_NO_COMMON_BLOCKS = YES;
				GCC_OPTIMIZATION_LEVEL = 0;
				GCC_PREPROCESSOR_DEFINITIONS = (
					"DEBUG=1",
					"$(inherited)",
				);
				GCC_WARN_64_TO_32_BIT_CONVERSION = YES;
				GCC_WARN_ABOUT_RETURN_TYPE = YES_ERROR;
				GCC_WARN_UNDECLARED_SELECTOR = YES;
				GCC_WARN_UNINITIALIZED_AUTOS = YES_AGGRESSIVE;
				GCC_WARN_UNUSED_FUNCTION = YES;
				GCC_WARN_UNUSED_VARIABLE = YES;
				LOCALIZATION_PREFERS_STRING_CATALOGS = YES;
				MTL_ENABLE_DEBUG_INFO = INCLUDE_SOURCE;
				MTL_FAST_MATH = YES;
				ONLY_ACTIVE_ARCH = YES;
				SWIFT_ACTIVE_COMPILATION_CONDITIONS = "DEBUG $(inherited)";
				SWIFT_OPTIMIZATION_LEVEL = "-Onone";
			};
			name = Debug;
		};
		32FD140D2F333A34001D859C /* Release */ = {
			isa = XCBuildConfiguration;
			buildSettings = {
				ALWAYS_SEARCH_USER_PATHS = NO;
				ASSETCATALOG_COMPILER_GENERATE_SWIFT_ASSET_SYMBOL_EXTENSIONS = YES;
				CLANG_ANALYZER_NONNULL = YES;
				CLANG_ANALYZER_NUMBER_OBJECT_CONVERSION = YES_AGGRESSIVE;
				CLANG_CXX_LANGUAGE_STANDARD = "gnu++20";
				CLANG_ENABLE_MODULES = YES;
				CLANG_ENABLE_OBJC_ARC = YES;
				CLANG_ENABLE_OBJC_WEAK = YES;
				CLANG_WARN_BLOCK_CAPTURE_AUTORELEASING = YES;
				CLANG_WARN_BOOL_CONVERSION = YES;
				CLANG_WARN_COMMA = YES;
				CLANG_WARN_CONSTANT_CONVERSION = YES;
				CLANG_WARN_DEPRECATED_OBJC_IMPLEMENTATIONS = YES;
				CLANG_WARN_DIRECT_OBJC_ISA_USAGE = YES_ERROR;
				CLANG_WARN_DOCUMENTATION_COMMENTS = YES;
				CLANG_WARN_EMPTY_BODY = YES;
				CLANG_WARN_ENUM_CONVERSION = YES;
				CLANG_WARN_INFINITE_RECURSION = YES;
				CLANG_WARN_INT_CONVERSION = YES;
				CLANG_WARN_NON_LITERAL_NULL_CONVERSION = YES;
				CLANG_WARN_OBJC_IMPLICIT_RETAIN_SELF = YES;
				CLANG_WARN_OBJC_LITERAL_CONVERSION = YES;
				CLANG_WARN_OBJC_ROOT_CLASS = YES_ERROR;
				CLANG_WARN_QUOTED_INCLUDE_IN_FRAMEWORK_HEADER = YES;
				CLANG_WARN_RANGE_LOOP_ANALYSIS = YES;
				CLANG_WARN_STRICT_PROTOTYPES = YES;
				CLANG_WARN_SUSPICIOUS_MOVE = YES;
				CLANG_WARN_UNGUARDED_AVAILABILITY = YES_AGGRESSIVE;
				CLANG_WARN_UNREACHABLE_CODE = YES;
				CLANG_WARN__DUPLICATE_METHOD_MATCH = YES;
				COPY_PHASE_STRIP = NO;
				DEBUG_INFORMATION_FORMAT = "dwarf-with-dsym";
				ENABLE_NS_ASSERTIONS = NO;
				ENABLE_STRICT_OBJC_MSGSEND = YES;
				ENABLE_USER_SCRIPT_SANDBOXING = YES;
				GCC_C_LANGUAGE_STANDARD = gnu17;
				GCC_NO_COMMON_BLOCKS = YES;
				GCC_WARN_64_TO_32_BIT_CONVERSION = YES;
				GCC_WARN_ABOUT_RETURN_TYPE = YES_ERROR;
				GCC_WARN_UNDECLARED_SELECTOR = YES;
				GCC_WARN_UNINITIALIZED_AUTOS = YES_AGGRESSIVE;
				GCC_WARN_UNUSED_FUNCTION = YES;
				GCC_WARN_UNUSED_VARIABLE = YES;
				LOCALIZATION_PREFERS_STRING_CATALOGS = YES;
				MTL_ENABLE_DEBUG_INFO = NO;
				MTL_FAST_MATH = YES;
				SWIFT_COMPILATION_MODE = wholemodule;
			};
			name = Release;
		};
		32FD140F2F333A34001D859C /* Debug */ = {
			isa = XCBuildConfiguration;
			buildSettings = {
				CODE_SIGN_STYLE = Automatic;
				CURRENT_PROJECT_VERSION = 1;
				GENERATE_INFOPLIST_FILE = YES;
				INFOPLIST_FILE = "iOS (Extension)/Info.plist";
				INFOPLIST_KEY_CFBundleDisplayName = "ai blocker Extension";
				INFOPLIST_KEY_NSHumanReadableCopyright = "";
				IPHONEOS_DEPLOYMENT_TARGET = 15.0;
				LD_RUNPATH_SEARCH_PATHS = (
					"$(inherited)",
					"@executable_path/Frameworks",
					"@executable_path/../../Frameworks",
				);
				MARKETING_VERSION = 1.0;
				OTHER_LDFLAGS = (
					"-framework",
					SafariServices,
				);
				PRODUCT_BUNDLE_IDENTIFIER = "org.kiddokraft.ai-blocker.Extension";
				PRODUCT_NAME = "ai blocker Extension";
				SDKROOT = iphoneos;
				SKIP_INSTALL = YES;
				STRING_CATALOG_GENERATE_SYMBOLS = YES;
				SWIFT_APPROACHABLE_CONCURRENCY = YES;
				SWIFT_EMIT_LOC_STRINGS = YES;
				SWIFT_UPCOMING_FEATURE_MEMBER_IMPORT_VISIBILITY = YES;
				SWIFT_VERSION = 5.0;
				TARGETED_DEVICE_FAMILY = "1,2";
			};
			name = Debug;
		};
		32FD14102F333A34001D859C /* Release */ = {
			isa = XCBuildConfiguration;
			buildSettings = {
				CODE_SIGN_STYLE = Automatic;
				CURRENT_PROJECT_VERSION = 1;
				GENERATE_INFOPLIST_FILE = YES;
				INFOPLIST_FILE = "iOS (Extension)/Info.plist";
				INFOPLIST_KEY_CFBundleDisplayName = "ai blocker Extension";
				INFOPLIST_KEY_NSHumanReadableCopyright = "";
				IPHONEOS_DEPLOYMENT_TARGET = 15.0;
				LD_RUNPATH_SEARCH_PATHS = (
					"$(inherited)",
					"@executable_path/Frameworks",
					"@executable_path/../../Frameworks",
				);
				MARKETING_VERSION = 1.0;
				OTHER_LDFLAGS = (
					"-framework",
					SafariServices,
				);
				PRODUCT_BUNDLE_IDENTIFIER = "org.kiddokraft.ai-blocker.Extension";
				PRODUCT_NAME = "ai blocker Extension";
				SDKROOT = iphoneos;
				SKIP_INSTALL = YES;
				STRING_CATALOG_GENERATE_SYMBOLS = YES;
				SWIFT_APPROACHABLE_CONCURRENCY = YES;
				SWIFT_EMIT_LOC_STRINGS = YES;
				SWIFT_UPCOMING_FEATURE_MEMBER_IMPORT_VISIBILITY = YES;
				SWIFT_VERSION = 5.0;
				TARGETED_DEVICE_FAMILY = "1,2";
				VALIDATE_PRODUCT = YES;
			};
			name = Release;
		};
		32FD14132F333A34001D859C /* Debug */ = {
			isa = XCBuildConfiguration;
			buildSettings = {
				ASSETCATALOG_COMPILER_APPICON_NAME = AppIcon;
				ASSETCATALOG_COMPILER_GLOBAL_ACCENT_COLOR_NAME = AccentColor;
				CODE_SIGN_STYLE = Automatic;
				CURRENT_PROJECT_VERSION = 1;
				GENERATE_INFOPLIST_FILE = YES;
				INFOPLIST_FILE = "iOS (App)/Info.plist";
				INFOPLIST_KEY_CFBundleDisplayName = "ai blocker";
				INFOPLIST_KEY_UIApplicationSupportsIndirectInputEvents = YES;
				INFOPLIST_KEY_UILaunchStoryboardName = LaunchScreen;
				INFOPLIST_KEY_UIMainStoryboardFile = Main;
				INFOPLIST_KEY_UISupportedInterfaceOrientations = "UIInterfaceOrientationPortrait UIInterfaceOrientationLandscapeLeft UIInterfaceOrientationLandscapeRight";
				INFOPLIST_KEY_UISupportedInterfaceOrientations_iPad = "UIInterfaceOrientationPortrait UIInterfaceOrientationPortraitUpsideDown UIInterfaceOrientationLandscapeLeft UIInterfaceOrientationLandscapeRight";
				IPHONEOS_DEPLOYMENT_TARGET = 15.0;
				LD_RUNPATH_SEARCH_PATHS = (
					"$(inherited)",
					"@executable_path/Frameworks",
				);
				MARKETING_VERSION = 1.0;
				OTHER_LDFLAGS = (
					"-framework",
					SafariServices,
					"-framework",
					WebKit,
				);
				PRODUCT_BUNDLE_IDENTIFIER = "org.kiddokraft.ai-blocker";
				PRODUCT_NAME = "ai blocker";
				SDKROOT = iphoneos;
				STRING_CATALOG_GENERATE_SYMBOLS = YES;
				SWIFT_APPROACHABLE_CONCURRENCY = YES;
				SWIFT_DEFAULT_ACTOR_ISOLATION = MainActor;
				SWIFT_EMIT_LOC_STRINGS = YES;
				SWIFT_UPCOMING_FEATURE_MEMBER_IMPORT_VISIBILITY = YES;
				SWIFT_VERSION = 5.0;
				TARGETED_DEVICE_FAMILY = "1,2";
			};
			name = Debug;
		};
		32FD14142F333A34001D859C /* Release */ = {
			isa = XCBuildConfiguration;
			buildSettings = {
				ASSETCATALOG_COMPILER_APPICON_NAME = AppIcon;
				ASSETCATALOG_COMPILER_GLOBAL_ACCENT_COLOR_NAME = AccentColor;
				CODE_SIGN_STYLE = Automatic;
				CURRENT_PROJECT_VERSION = 1;
				GENERATE_INFOPLIST_FILE = YES;
				INFOPLIST_FILE = "iOS (App)/Info.plist";
				INFOPLIST_KEY_CFBundleDisplayName = "ai blocker";
				INFOPLIST_KEY_UIApplicationSupportsIndirectInputEvents = YES;
				INFOPLIST_KEY_UILaunchStoryboardName = LaunchScreen;
				INFOPLIST_KEY_UIMainStoryboardFile = Main;
				INFOPLIST_KEY_UISupportedInterfaceOrientations = "UIInterfaceOrientationPortrait UIInterfaceOrientationLandscapeLeft UIInterfaceOrientationLandscapeRight";
				INFOPLIST_KEY_UISupportedInterfaceOrientations_iPad = "UIInterfaceOrientationPortrait UIInterfaceOrientationPortraitUpsideDown UIInterfaceOrientationLandscapeLeft UIInterfaceOrientationLandscapeRight";
				IPHONEOS_DEPLOYMENT_TARGET = 15.0;
				LD_RUNPATH_SEARCH_PATHS = (
					"$(inherited)",
					"@executable_path/Frameworks",
				);
				MARKETING_VERSION = 1.0;
				OTHER_LDFLAGS = (
					"-framework",
					SafariServices,
					"-framework",
					WebKit,
				);
				PRODUCT_BUNDLE_IDENTIFIER = "org.kiddokraft.ai-blocker";
				PRODUCT_NAME = "ai blocker";
				SDKROOT = iphoneos;
				STRING_CATALOG_GENERATE_SYMBOLS = YES;
				SWIFT_APPROACHABLE_CONCURRENCY = YES;
				SWIFT_DEFAULT_ACTOR_ISOLATION = MainActor;
				SWIFT_EMIT_LOC_STRINGS = YES;
				SWIFT_UPCOMING_FEATURE_MEMBER_IMPORT_VISIBILITY = YES;
				SWIFT_VERSION = 5.0;
				TARGETED_DEVICE_FAMILY = "1,2";
				VALIDATE_PRODUCT = YES;
			};
			name = Release;
		};
		32FD14162F333A34001D859C /* Debug */ = {
			isa = XCBuildConfiguration;
			buildSettings = {
				CODE_SIGN_STYLE = Automatic;
				CURRENT_PROJECT_VERSION = 1;
				ENABLE_APP_SANDBOX = YES;
				ENABLE_HARDENED_RUNTIME = YES;
				ENABLE_USER_SELECTED_FILES = readonly;
				GENERATE_INFOPLIST_FILE = YES;
				INFOPLIST_FILE = "macOS (Extension)/Info.plist";
				INFOPLIST_KEY_CFBundleDisplayName = "ai blocker Extension";
				INFOPLIST_KEY_NSHumanReadableCopyright = "";
				LD_RUNPATH_SEARCH_PATHS = (
					"$(inherited)",
					"@executable_path/../Frameworks",
					"@executable_path/../../../../Frameworks",
				);
				MACOSX_DEPLOYMENT_TARGET = 10.14;
				MARKETING_VERSION = 1.0;
				OTHER_LDFLAGS = (
					"-framework",
					SafariServices,
				);
				PRODUCT_BUNDLE_IDENTIFIER = "org.kiddokraft.ai-blocker.Extension";
				PRODUCT_NAME = "ai blocker Extension";
				SDKROOT = macosx;
				SKIP_INSTALL = YES;
				STRING_CATALOG_GENERATE_SYMBOLS = YES;
				SWIFT_APPROACHABLE_CONCURRENCY = YES;
				SWIFT_EMIT_LOC_STRINGS = YES;
				SWIFT_UPCOMING_FEATURE_MEMBER_IMPORT_VISIBILITY = YES;
				SWIFT_VERSION = 5.0;
			};
			name = Debug;
		};
		32FD14172F333A34001D859C /* Release */ = {
			isa = XCBuildConfiguration;
			buildSettings = {
				CODE_SIGN_STYLE = Automatic;
				CURRENT_PROJECT_VERSION = 1;
				ENABLE_APP_SANDBOX = YES;
				ENABLE_HARDENED_RUNTIME = YES;
				ENABLE_USER_SELECTED_FILES = readonly;
				GENERATE_INFOPLIST_FILE = YES;
				INFOPLIST_FILE = "macOS (Extension)/Info.plist";
				INFOPLIST_KEY_CFBundleDisplayName = "ai blocker Extension";
				INFOPLIST_KEY_NSHumanReadableCopyright = "";
				LD_RUNPATH_SEARCH_PATHS = (
					"$(inherited)",
					"@executable_path/../Frameworks",
					"@executable_path/../../../../Frameworks",
				);
				MACOSX_DEPLOYMENT_TARGET = 10.14;
				MARKETING_VERSION = 1.0;
				OTHER_LDFLAGS = (
					"-framework",
					SafariServices,
				);
				PRODUCT_BUNDLE_IDENTIFIER = "org.kiddokraft.ai-blocker.Extension";
				PRODUCT_NAME = "ai blocker Extension";
				SDKROOT = macosx;
				SKIP_INSTALL = YES;
				STRING_CATALOG_GENERATE_SYMBOLS = YES;
				SWIFT_APPROACHABLE_CONCURRENCY = YES;
				SWIFT_EMIT_LOC_STRINGS = YES;
				SWIFT_UPCOMING_FEATURE_MEMBER_IMPORT_VISIBILITY = YES;
				SWIFT_VERSION = 5.0;
			};
			name = Release;
		};
		32FD141A2F333A34001D859C /* Debug */ = {
			isa = XCBuildConfiguration;
			buildSettings = {
				ASSETCATALOG_COMPILER_APPICON_NAME = AppIcon;
				ASSETCATALOG_COMPILER_GLOBAL_ACCENT_COLOR_NAME = AccentColor;
				CODE_SIGN_STYLE = Automatic;
				CURRENT_PROJECT_VERSION = 1;
				ENABLE_APP_SANDBOX = YES;
				ENABLE_HARDENED_RUNTIME = YES;
				ENABLE_OUTGOING_NETWORK_CONNECTIONS = YES;
				ENABLE_USER_SELECTED_FILES = readonly;
				GENERATE_INFOPLIST_FILE = YES;
				INFOPLIST_FILE = "macOS (App)/Info.plist";
				INFOPLIST_KEY_CFBundleDisplayName = "ai blocker";
				INFOPLIST_KEY_NSMainStoryboardFile = Main;
				INFOPLIST_KEY_NSPrincipalClass = NSApplication;
				LD_RUNPATH_SEARCH_PATHS = (
					"$(inherited)",
					"@executable_path/../Frameworks",
				);
				MACOSX_DEPLOYMENT_TARGET = 10.14;
				MARKETING_VERSION = 1.0;
				OTHER_LDFLAGS = (
					"-framework",
					SafariServices,
					"-framework",
					WebKit,
				);
				PRODUCT_BUNDLE_IDENTIFIER = "org.kiddokraft.ai-blocker";
				PRODUCT_NAME = "ai blocker";
				REGISTER_APP_GROUPS = YES;
				SDKROOT = macosx;
				STRING_CATALOG_GENERATE_SYMBOLS = YES;
				SWIFT_APPROACHABLE_CONCURRENCY = YES;
				SWIFT_DEFAULT_ACTOR_ISOLATION = MainActor;
				SWIFT_EMIT_LOC_STRINGS = YES;
				SWIFT_UPCOMING_FEATURE_MEMBER_IMPORT_VISIBILITY = YES;
				SWIFT_VERSION = 5.0;
			};
			name = Debug;
		};
		32FD141B2F333A34001D859C /* Release */ = {
			isa = XCBuildConfiguration;
			buildSettings = {
				ASSETCATALOG_COMPILER_APPICON_NAME = AppIcon;
				ASSETCATALOG_COMPILER_GLOBAL_ACCENT_COLOR_NAME = AccentColor;
				CODE_SIGN_STYLE = Automatic;
				CURRENT_PROJECT_VERSION = 1;
				ENABLE_APP_SANDBOX = YES;
				ENABLE_HARDENED_RUNTIME = YES;
				ENABLE_OUTGOING_NETWORK_CONNECTIONS = YES;
				ENABLE_USER_SELECTED_FILES = readonly;
				GENERATE_INFOPLIST_FILE = YES;
				INFOPLIST_FILE = "macOS (App)/Info.plist";
				INFOPLIST_KEY_CFBundleDisplayName = "ai blocker";
				INFOPLIST_KEY_NSMainStoryboardFile = Main;
				INFOPLIST_KEY_NSPrincipalClass = NSApplication;
				LD_RUNPATH_SEARCH_PATHS = (
					"$(inherited)",
					"@executable_path/../Frameworks",
				);
				MACOSX_DEPLOYMENT_TARGET = 10.14;
				MARKETING_VERSION = 1.0;
				OTHER_LDFLAGS = (
					"-framework",
					SafariServices,
					"-framework",
					WebKit,
				);
				PRODUCT_BUNDLE_IDENTIFIER = "org.kiddokraft.ai-blocker";
				PRODUCT_NAME = "ai blocker";
				REGISTER_APP_GROUPS = YES;
				SDKROOT = macosx;
				STRING_CATALOG_GENERATE_SYMBOLS = YES;
				SWIFT_APPROACHABLE_CONCURRENCY = YES;
				SWIFT_DEFAULT_ACTOR_ISOLATION = MainActor;
				SWIFT_EMIT_LOC_STRINGS = YES;
				SWIFT_UPCOMING_FEATURE_MEMBER_IMPORT_VISIBILITY = YES;
				SWIFT_VERSION = 5.0;
			};
			name = Release;
		};
/* End XCBuildConfiguration section */

/* Begin XCConfigurationList section */
		32FD13C02F333A32001D859C /* Build configuration list for PBXProject "ai blocker" */ = {
			isa = XCConfigurationList;
			buildConfigurations = (
				32FD140C2F333A34001D859C /* Debug */,
				32FD140D2F333A34001D859C /* Release */,
			);
			defaultConfigurationIsVisible = 0;
			defaultConfigurationName = Release;
		};
		32FD140E2F333A34001D859C /* Build configuration list for PBXNativeTarget "ai blocker Extension (iOS)" */ = {
			isa = XCConfigurationList;
			buildConfigurations = (
				32FD140F2F333A34001D859C /* Debug */,
				32FD14102F333A34001D859C /* Release */,
			);
			defaultConfigurationIsVisible = 0;
			defaultConfigurationName = Release;
		};
		32FD14122F333A34001D859C /* Build configuration list for PBXNativeTarget "ai blocker (iOS)" */ = {
			isa = XCConfigurationList;
			buildConfigurations = (
				32FD14132F333A34001D859C /* Debug */,
				32FD14142F333A34001D859C /* Release */,
			);
			defaultConfigurationIsVisible = 0;
			defaultConfigurationName = Release;
		};
		32FD14152F333A34001D859C /* Build configuration list for PBXNativeTarget "ai blocker Extension (macOS)" */ = {
			isa = XCConfigurationList;
			buildConfigurations = (
				32FD14162F333A34001D859C /* Debug */,
				32FD14172F333A34001D859C /* Release */,
			);
			defaultConfigurationIsVisible = 0;
			defaultConfigurationName = Release;
		};
		32FD14192F333A34001D859C /* Build configuration list for PBXNativeTarget "ai blocker (macOS)" */ = {
			isa = XCConfigurationList;
			buildConfigurations = (
				32FD141A2F333A34001D859C /* Debug */,
				32FD141B2F333A34001D859C /* Release */,
			);
			defaultConfigurationIsVisible = 0;
			defaultConfigurationName = Release;
		};
/* End XCConfigurationList section */
	};
	rootObject = 32FD13BD2F333A32001D859C /* Project object */;
}
